
Microsoft Visual Studio Solution File, Format Version 12.00
# Visual Studio Version 16
VisualStudioVersion = 16.0.29905.134
MinimumVisualStudioVersion = 10.0.40219.1
Project("{FAE04EC0-301F-11D3-BF4B-00C04F79EFBC}") = "Calculation", "Calculation\Calculation.csproj", "{EB2EE50A-27F1-4E4E-915F-239DC6CD9C76}"
EndProject
Global
	GlobalSection(SolutionConfigurationPlatforms) = preSolution
		Debug|Any CPU = Debug|Any CPU
		Release|Any CPU = Release|Any CPU
	EndGlobalSection
	GlobalSection(ProjectConfigurationPlatforms) = postSolution
		{EB2EE50A-27F1-4E4E-915F-239DC6CD9C76}.Debug|Any CPU.ActiveCfg = Debug|Any CPU
		{EB2EE50A-27F1-4E4E-915F-239DC6CD9C76}.Debug|Any CPU.Build.0 = Debug|Any CPU
		{EB2EE50A-27F1-4E4E-915F-239DC6CD9C76}.Release|Any CPU.ActiveCfg = Release|Any CPU
		{EB2EE50A-27F1-4E4E-915F-239DC6CD9C76}.Release|Any CPU.Build.0 = Release|Any CPU
	EndGlobalSection
	GlobalSection(SolutionProperties) = preSolution
		HideSolutionNode = FALSE
	EndGlobalSection
	GlobalSection(ExtensibilityGlobals) = postSolution
		SolutionGuid = {E4FACEDC-02E4-44ED-8402-02369E738337}
	EndGlobalSection
EndGlobal
